# This file is automatically @generated by Cargo.
# It is not intended for manual editing.
version = 4

[[package]]
name = "anyhow"
version = "1.0.102"
source = "registry+https://github.com/rust-lang/crates.io-index"
checksum = "7f202df86484c868dbad7eaa557ef785d5c66295e41b460ef922eca0723b842c"

[[package]]
name = "fitsio"
version = "0.21.9"
source = "registry+https://github.com/rust-lang/crates.io-index"
checksum = "6a37418b8a2e67655b4717287f3c170945ca5f453355a02274250b69400148f4"
dependencies = [
 "fitsio-sys",
 "libc",
]

[[package]]
name = "fitsio-sys"
version = "0.5.7"
source = "registry+https://github.com/rust-lang/crates.io-index"
checksum = "14929d0b6fa44a87b374a138ea2256c02c1b5beae1dbc98f62a3e132f862fed1"
dependencies = [
 "pkg-config",
]

[[package]]
name = "glob"
version = "0.3.3"
source = "registry+https://github.com/rust-lang/crates.io-index"
checksum = "0cc23270f6e1808e30a928bdc84dea0b9b4136a8bc82338574f23baf47bbd280"

[[package]]
name = "libc"
version = "0.2.183"
source = "registry+https://github.com/rust-lang/crates.io-index"
checksum = "b5b646652bf6661599e1da8901b3b9522896f01e736bad5f723fe7a3a27f899d"

[[package]]
name = "pkg-config"
version = "0.3.32"
source = "registry+https://github.com/rust-lang/crates.io-index"
checksum = "7edddbd0b52d732b21ad9a5fab5c704c14cd949e5e9a1ec5929a24fded1b904c"

[[package]]
name = "test_fits"
version = "0.1.0"
dependencies = [
 "anyhow",
 "fitsio",
 "glob",
]
